// !$*UTF8*$!
{
	archiveVersion = 1;
	classes = {
	};
	objectVersion = 50;
	objects = {

/* Begin PBXBuildFile section */
		2435E04B2094170A00F2C95D /* ImageAddedVC.swift in Sources */ = {isa = PBXBuildFile; fileRef = 2435E04A2094170A00F2C95D /* ImageAddedVC.swift */; };
		24403BA32088765C000E1F8A /* Gotham-Bold.otf in Resources */ = {isa = PBXBuildFile; fileRef = 24403BA220887655000E1F8A /* Gotham-Bold.otf */; };
		244293C3208D948900C83228 /* ConfirmationVC.swift in Sources */ = {isa = PBXBuildFile; fileRef = 244293C2208D948900C83228 /* ConfirmationVC.swift */; };
		244293C5208D98BE00C83228 /* Config.swift in Sources */ = {isa = PBXBuildFile; fileRef = 244293C4208D98BE00C83228 /* Config.swift */; };
		24669F5B2087C65A00BE3B41 /* ImageAttachVC.swift in Sources */ = {isa = PBXBuildFile; fileRef = 24669F5A2087C65A00BE3B41 /* ImageAttachVC.swift */; };
		24F915A52087403400D31CCF /* AppDelegate.swift in Sources */ = {isa = PBXBuildFile; fileRef = 24F915A42087403400D31CCF /* AppDelegate.swift */; };
		24F915A72087403400D31CCF /* TextInputVC.swift in Sources */ = {isa = PBXBuildFile; fileRef = 24F915A62087403400D31CCF /* TextInputVC.swift */; };
		24F915AA2087403400D31CCF /* Main.storyboard in Resources */ = {isa = PBXBuildFile; fileRef = 24F915A82087403400D31CCF /* Main.storyboard */; };
		24F915AC2087403500D31CCF /* Assets.xcassets in Resources */ = {isa = PBXBuildFile; fileRef = 24F915AB2087403500D31CCF /* Assets.xcassets */; };
		24F915AF2087403500D31CCF /* LaunchScreen.storyboard in Resources */ = {isa = PBXBuildFile; fileRef = 24F915AD2087403500D31CCF /* LaunchScreen.storyboard */; };
/* End PBXBuildFile section */

/* Begin PBXFileReference section */
		2435E04A2094170A00F2C95D /* ImageAddedVC.swift */ = {isa = PBXFileReference; lastKnownFileType = sourcecode.swift; path = ImageAddedVC.swift; sourceTree = "<group>"; };
		24403BA220887655000E1F8A /* Gotham-Bold.otf */ = {isa = PBXFileReference; lastKnownFileType = file; path = "Gotham-Bold.otf"; sourceTree = "<group>"; };
		244293C2208D948900C83228 /* ConfirmationVC.swift */ = {isa = PBXFileReference; lastKnownFileType = sourcecode.swift; path = ConfirmationVC.swift; sourceTree = "<group>"; };
		244293C4208D98BE00C83228 /* Config.swift */ = {isa = PBXFileReference; lastKnownFileType = sourcecode.swift; path = Config.swift; sourceTree = "<group>"; };
		24669F5A2087C65A00BE3B41 /* ImageAttachVC.swift */ = {isa = PBXFileReference; lastKnownFileType = sourcecode.swift; path = ImageAttachVC.swift; sourceTree = "<group>"; };
		24F915A12087403400D31CCF /* QuickReport.app */ = {isa = PBXFileReference; explicitFileType = wrapper.application; includeInIndex = 0; path = QuickReport.app; sourceTree = BUILT_PRODUCTS_DIR; };
		24F915A42087403400D31CCF /* AppDelegate.swift */ = {isa = PBXFileReference; lastKnownFileType = sourcecode.swift; path = AppDelegate.swift; sourceTree = "<group>"; };
		24F915A62087403400D31CCF /* TextInputVC.swift */ = {isa = PBXFileReference; lastKnownFileType = sourcecode.swift; path = TextInputVC.swift; sourceTree = "<group>"; };
		24F915A92087403400D31CCF /* Base */ = {isa = PBXFileReference; lastKnownFileType = file.storyboard; name = Base; path = Base.lproj/Main.storyboard; sourceTree = "<group>"; };
		24F915AB2087403500D31CCF /* Assets.xcassets */ = {isa = PBXFileReference; lastKnownFileType = folder.assetcatalog; path = Assets.xcassets; sourceTree = "<group>"; };
		24F915AE2087403500D31CCF /* Base */ = {isa = PBXFileReference; lastKnownFileType = file.storyboard; name = Base; path = Base.lproj/LaunchScreen.storyboard; sourceTree = "<group>"; };
		24F915B02087403500D31CCF /* Info.plist */ = {isa = PBXFileReference; lastKnownFileType = text.plist.xml; path = Info.plist; sourceTree = "<group>"; };
/* End PBXFileReference section */

/* Begin PBXFrameworksBuildPhase section */
		24F9159E2087403400D31CCF /* Frameworks */ = {
			isa = PBXFrameworksBuildPhase;
			buildActionMask = 2147483647;
			files = (
			);
			runOnlyForDeploymentPostprocessing = 0;
		};
/* End PBXFrameworksBuildPhase section */

/* Begin PBXGroup section */
		24F1800F20899DED00812223 /* ViewControllers */ = {
			isa = PBXGroup;
			children = (
				24F915A62087403400D31CCF /* TextInputVC.swift */,
				24669F5A2087C65A00BE3B41 /* ImageAttachVC.swift */,
				244293C2208D948900C83228 /* ConfirmationVC.swift */,
				2435E04A2094170A00F2C95D /* ImageAddedVC.swift */,
			);
			path = ViewControllers;
			sourceTree = "<group>";
		};
		24F1801020899DF800812223 /* Storyboards */ = {
			isa = PBXGroup;
			children = (
				24F915A82087403400D31CCF /* Main.storyboard */,
				24F915AD2087403500D31CCF /* LaunchScreen.storyboard */,
			);
			path = Storyboards;
			sourceTree = "<group>";
		};
		24F1801120899E0400812223 /* Fonts */ = {
			isa = PBXGroup;
			children = (
				24403BA220887655000E1F8A /* Gotham-Bold.otf */,
			);
			path = Fonts;
			sourceTree = "<group>";
		};
		24F915982087403400D31CCF = {
			isa = PBXGroup;
			children = (
				24F915A32087403400D31CCF /* QuickReport */,
				24F915A22087403400D31CCF /* Products */,
			);
			sourceTree = "<group>";
		};
		24F915A22087403400D31CCF /* Products */ = {
			isa = PBXGroup;
			children = (
				24F915A12087403400D31CCF /* QuickReport.app */,
			);
			name = Products;
			sourceTree = "<group>";
		};
		24F915A32087403400D31CCF /* QuickReport */ = {
			isa = PBXGroup;
			children = (
				24F915A42087403400D31CCF /* AppDelegate.swift */,
				244293C4208D98BE00C83228 /* Config.swift */,
				24F1800F20899DED00812223 /* ViewControllers */,
				24F1801020899DF800812223 /* Storyboards */,
				24F915AB2087403500D31CCF /* Assets.xcassets */,
				24F915B02087403500D31CCF /* Info.plist */,
				24F1801120899E0400812223 /* Fonts */,
			);
			path = QuickReport;
			sourceTree = "<group>";
		};
/* End PBXGroup section */

/* Begin PBXNativeTarget section */
		24F915A02087403400D31CCF /* QuickReport */ = {
			isa = PBXNativeTarget;
			buildConfigurationList = 24F915B32087403500D31CCF /* Build configuration list for PBXNativeTarget "QuickReport" */;
			buildPhases = (
				24F9159D2087403400D31CCF /* Sources */,
				24F9159E2087403400D31CCF /* Frameworks */,
				24F9159F2087403400D31CCF /* Resources */,
			);
			buildRules = (
			);
			dependencies = (
			);
			name = QuickReport;
			productName = QuickReport;
			productReference = 24F915A12087403400D31CCF /* QuickReport.app */;
			productType = "com.apple.product-type.application";
		};
/* End PBXNativeTarget section */

/* Begin PBXProject section */
		24F915992087403400D31CCF /* Project object */ = {
			isa = PBXProject;
			attributes = {
				LastSwiftUpdateCheck = 0930;
				LastUpgradeCheck = 0930;
				ORGANIZATIONNAME = "Atikur Rahman";
				TargetAttributes = {
					24F915A02087403400D31CCF = {
						CreatedOnToolsVersion = 9.3;
					};
				};
			};
			buildConfigurationList = 24F9159C2087403400D31CCF /* Build configuration list for PBXProject "QuickReport" */;
			compatibilityVersion = "Xcode 9.3";
			developmentRegion = en;
			hasScannedForEncodings = 0;
			knownRegions = (
				en,
				Base,
			);
			mainGroup = 24F915982087403400D31CCF;
			productRefGroup = 24F915A22087403400D31CCF /* Products */;
			projectDirPath = "";
			projectRoot = "";
			targets = (
				24F915A02087403400D31CCF /* QuickReport */,
			);
		};
/* End PBXProject section */

/* Begin PBXResourcesBuildPhase section */
		24F9159F2087403400D31CCF /* Resources */ = {
			isa = PBXResourcesBuildPhase;
			buildActionMask = 2147483647;
			files = (
				24403BA32088765C000E1F8A /* Gotham-Bold.otf in Resources */,
				24F915AF2087403500D31CCF /* LaunchScreen.storyboard in Resources */,
				24F915AC2087403500D31CCF /* Assets.xcassets in Resources */,
				24F915AA2087403400D31CCF /* Main.storyboard in Resources */,
			);
			runOnlyForDeploymentPostprocessing = 0;
		};
/* End PBXResourcesBuildPhase section */

/* Begin PBXSourcesBuildPhase section */
		24F9159D2087403400D31CCF /* Sources */ = {
			isa = PBXSourcesBuildPhase;
			buildActionMask = 2147483647;
			files = (
				24669F5B2087C65A00BE3B41 /* ImageAttachVC.swift in Sources */,
				244293C3208D948900C83228 /* ConfirmationVC.swift in Sources */,
				244293C5208D98BE00C83228 /* Config.swift in Sources */,
				24F915A72087403400D31CCF /* TextInputVC.swift in Sources */,
				24F915A52087403400D31CCF /* AppDelegate.swift in Sources */,
				2435E04B2094170A00F2C95D /* ImageAddedVC.swift in Sources */,
			);
			runOnlyForDeploymentPostprocessing = 0;
		};
/* End PBXSourcesBuildPhase section */

/* Begin PBXVariantGroup section */
		24F915A82087403400D31CCF /* Main.storyboard */ = {
			isa = PBXVariantGroup;
			children = (
				24F915A92087403400D31CCF /* Base */,
			);
			name = Main.storyboard;
			sourceTree = "<group>";
		};
		24F915AD2087403500D31CCF /* LaunchScreen.storyboard */ = {
			isa = PBXVariantGroup;
			children = (
				24F915AE2087403500D31CCF /* Base */,
			);
			name = LaunchScreen.storyboard;
			sourceTree = "<group>";
		};
/* End PBXVariantGroup section */

/* Begin XCBuildConfiguration section */
		24F915B12087403500D31CCF /* Debug */ = {
			isa = XCBuildConfiguration;
			buildSettings = {
				ALWAYS_SEARCH_USER_PATHS = NO;
				CLANG_ANALYZER_NONNULL = YES;
				CLANG_ANALYZER_NUMBER_OBJECT_CONVERSION = YES_AGGRESSIVE;
				CLANG_CXX_LANGUAGE_STANDARD = "gnu++14";
				CLANG_CXX_LIBRARY = "libc++";
				CLANG_ENABLE_MODULES = YES;
				CLANG_ENABLE_OBJC_ARC = YES;
				CLANG_ENABLE_OBJC_WEAK = YES;
				CLANG_WARN_BLOCK_CAPTURE_AUTORELEASING = YES;
				CLANG_WARN_BOOL_CONVERSION = YES;
				CLANG_WARN_COMMA = YES;
				CLANG_WARN_CONSTANT_CONVERSION = YES;
				CLANG_WARN_DEPRECATED_OBJC_IMPLEMENTATIONS = YES;
				CLANG_WARN_DIRECT_OBJC_ISA_USAGE = YES_ERROR;
				CLANG_WARN_DOCUMENTATION_COMMENTS = YES;
				CLANG_WARN_EMPTY_BODY = YES;
				CLANG_WARN_ENUM_CONVERSION = YES;
				CLANG_WARN_INFINITE_RECURSION = YES;
				CLANG_WARN_INT_CONVERSION = YES;
				CLANG_WARN_NON_LITERAL_NULL_CONVERSION = YES;
				CLANG_WARN_OBJC_IMPLICIT_RETAIN_SELF = YES;
				CLANG_WARN_OBJC_LITERAL_CONVERSION = YES;
				CLANG_WARN_OBJC_ROOT_CLASS = YES_ERROR;
				CLANG_WARN_RANGE_LOOP_ANALYSIS = YES;
				CLANG_WARN_STRICT_PROTOTYPES = YES;
				CLANG_WARN_SUSPICIOUS_MOVE = YES;
				CLANG_WARN_UNGUARDED_AVAILABILITY = YES_AGGRESSIVE;
				CLANG_WARN_UNREACHABLE_CODE = YES;
				CLANG_WARN__DUPLICATE_METHOD_MATCH = YES;
				CODE_SIGN_IDENTITY = "iPhone Developer";
				COPY_PHASE_STRIP = NO;
				DEBUG_INFORMATION_FORMAT = dwarf;
				ENABLE_STRICT_OBJC_MSGSEND = YES;
				ENABLE_TESTABILITY = YES;
				GCC_C_LANGUAGE_STANDARD = gnu11;
				GCC_DYNAMIC_NO_PIC = NO;
				GCC_NO_COMMON_BLOCKS = YES;
				GCC_OPTIMIZATION_LEVEL = 0;
				GCC_PREPROCESSOR_DEFINITIONS = (
					"DEBUG=1",
					"$(inherited)",
				);
				GCC_WARN_64_TO_32_BIT_CONVERSION = YES;
				GCC_WARN_ABOUT_RETURN_TYPE = YES_ERROR;
				GCC_WARN_UNDECLARED_SELECTOR = YES;
				GCC_WARN_UNINITIALIZED_AUTOS = YES_AGGRESSIVE;
				GCC_WARN_UNUSED_FUNCTION = YES;
				GCC_WARN_UNUSED_VARIABLE = YES;
				IPHONEOS_DEPLOYMENT_TARGET = 11.3;
				MTL_ENABLE_DEBUG_INFO = YES;
				ONLY_ACTIVE_ARCH = YES;
				SDKROOT = iphoneos;
				SWIFT_ACTIVE_COMPILATION_CONDITIONS = DEBUG;
				SWIFT_OPTIMIZATION_LEVEL = "-Onone";
			};
			name = Debug;
		};
		24F915B22087403500D31CCF /* Release */ = {
			isa = XCBuildConfiguration;
			buildSettings = {
				ALWAYS_SEARCH_USER_PATHS = NO;
				CLANG_ANALYZER_NONNULL = YES;
				CLANG_ANALYZER_NUMBER_OBJECT_CONVERSION = YES_AGGRESSIVE;
				CLANG_CXX_LANGUAGE_STANDARD = "gnu++14";
				CLANG_CXX_LIBRARY = "libc++";
				CLANG_ENABLE_MODULES = YES;
				CLANG_ENABLE_OBJC_ARC = YES;
				CLANG_ENABLE_OBJC_WEAK = YES;
				CLANG_WARN_BLOCK_CAPTURE_AUTORELEASING = YES;
				CLANG_WARN_BOOL_CONVERSION = YES;
				CLANG_WARN_COMMA = YES;
				CLANG_WARN_CONSTANT_CONVERSION = YES;
				CLANG_WARN_DEPRECATED_OBJC_IMPLEMENTATIONS = YES;
				CLANG_WARN_DIRECT_OBJC_ISA_USAGE = YES_ERROR;
				CLANG_WARN_DOCUMENTATION_COMMENTS = YES;
				CLANG_WARN_EMPTY_BODY = YES;
				CLANG_WARN_ENUM_CONVERSION = YES;
				CLANG_WARN_INFINITE_RECURSION = YES;
				CLANG_WARN_INT_CONVERSION = YES;
				CLANG_WARN_NON_LITERAL_NULL_CONVERSION = YES;
				CLANG_WARN_OBJC_IMPLICIT_RETAIN_SELF = YES;
				CLANG_WARN_OBJC_LITERAL_CONVERSION = YES;
				CLANG_WARN_OBJC_ROOT_CLASS = YES_ERROR;
				CLANG_WARN_RANGE_LOOP_ANALYSIS = YES;
				CLANG_WARN_STRICT_PROTOTYPES = YES;
				CLANG_WARN_SUSPICIOUS_MOVE = YES;
				CLANG_WARN_UNGUARDED_AVAILABILITY = YES_AGGRESSIVE;
				CLANG_WARN_UNREACHABLE_CODE = YES;
				CLANG_WARN__DUPLICATE_METHOD_MATCH = YES;
				CODE_SIGN_IDENTITY = "iPhone Developer";
				COPY_PHASE_STRIP = NO;
				DEBUG_INFORMATION_FORMAT = "dwarf-with-dsym";
				ENABLE_NS_ASSERTIONS = NO;
				ENABLE_STRICT_OBJC_MSGSEND = YES;
				GCC_C_LANGUAGE_STANDARD = gnu11;
				GCC_NO_COMMON_BLOCKS = YES;
				GCC_WARN_64_TO_32_BIT_CONVERSION = YES;
				GCC_WARN_ABOUT_RETURN_TYPE = YES_ERROR;
				GCC_WARN_UNDECLARED_SELECTOR = YES;
				GCC_WARN_UNINITIALIZED_AUTOS = YES_AGGRESSIVE;
				GCC_WARN_UNUSED_FUNCTION = YES;
				GCC_WARN_UNUSED_VARIABLE = YES;
				IPHONEOS_DEPLOYMENT_TARGET = 11.3;
				MTL_ENABLE_DEBUG_INFO = NO;
				SDKROOT = iphoneos;
				SWIFT_COMPILATION_MODE = wholemodule;
				SWIFT_OPTIMIZATION_LEVEL = "-O";
				VALIDATE_PRODUCT = YES;
			};
			name = Release;
		};
		24F915B42087403500D31CCF /* Debug */ = {
			isa = XCBuildConfiguration;
			buildSettings = {
				ASSETCATALOG_COMPILER_APPICON_NAME = AppIcon;
				CODE_SIGN_STYLE = Automatic;
				DEVELOPMENT_TEAM = 9PYG64528E;
				INFOPLIST_FILE = QuickReport/Info.plist;
				IPHONEOS_DEPLOYMENT_TARGET = 10.0;
				LD_RUNPATH_SEARCH_PATHS = (
					"$(inherited)",
					"@executable_path/Frameworks",
				);
				PRODUCT_BUNDLE_IDENTIFIER = com.atikur.QuickReport;
				PRODUCT_NAME = "$(TARGET_NAME)";
				SWIFT_VERSION = 4.0;
				TARGETED_DEVICE_FAMILY = "1,2";
			};
			name = Debug;
		};
		24F915B52087403500D31CCF /* Release */ = {
			isa = XCBuildConfiguration;
			buildSettings = {
				ASSETCATALOG_COMPILER_APPICON_NAME = AppIcon;
				CODE_SIGN_STYLE = Automatic;
				DEVELOPMENT_TEAM = 9PYG64528E;
				INFOPLIST_FILE = QuickReport/Info.plist;
				IPHONEOS_DEPLOYMENT_TARGET = 10.0;
				LD_RUNPATH_SEARCH_PATHS = (
					"$(inherited)",
					"@executable_path/Frameworks",
				);
				PRODUCT_BUNDLE_IDENTIFIER = com.atikur.QuickReport;
				PRODUCT_NAME = "$(TARGET_NAME)";
				SWIFT_VERSION = 4.0;
				TARGETED_DEVICE_FAMILY = "1,2";
			};
			name = Release;
		};
/* End XCBuildConfiguration section */

/* Begin XCConfigurationList section */
		24F9159C2087403400D31CCF /* Build configuration list for PBXProject "QuickReport" */ = {
			isa = XCConfigurationList;
			buildConfigurations = (
				24F915B12087403500D31CCF /* Debug */,
				24F915B22087403500D31CCF /* Release */,
			);
			defaultConfigurationIsVisible = 0;
			defaultConfigurationName = Release;
		};
		24F915B32087403500D31CCF /* Build configuration list for PBXNativeTarget "QuickReport" */ = {
			isa = XCConfigurationList;
			buildConfigurations = (
				24F915B42087403500D31CCF /* Debug */,
				24F915B52087403500D31CCF /* Release */,
			);
			defaultConfigurationIsVisible = 0;
			defaultConfigurationName = Release;
		};
/* End XCConfigurationList section */
	};
	rootObject = 24F915992087403400D31CCF /* Project object */;
}
